
Microsoft Visual Studio Solution File, Format Version 12.00
# Visual Studio Version 17
VisualStudioVersion = 17.3.32901.215
MinimumVisualStudioVersion = 10.0.40219.1
Project("{FAE04EC0-301F-11D3-BF4B-00C04F79EFBC}") = "ARM_Cinema", "ARM_Cinema\ARM_Cinema.csproj", "{B8B29061-6571-44E1-AF5E-88936D8C2646}"
EndProject
Global
	GlobalSection(SolutionConfigurationPlatforms) = preSolution
		Debug|Any CPU = Debug|Any CPU
		Release|Any CPU = Release|Any CPU
	EndGlobalSection
	GlobalSection(ProjectConfigurationPlatforms) = postSolution
		{B8B29061-6571-44E1-AF5E-88936D8C2646}.Debug|Any CPU.ActiveCfg = Debug|Any CPU
		{B8B29061-6571-44E1-AF5E-88936D8C2646}.Debug|Any CPU.Build.0 = Debug|Any CPU
		{B8B29061-6571-44E1-AF5E-88936D8C2646}.Release|Any CPU.ActiveCfg = Release|Any CPU
		{B8B29061-6571-44E1-AF5E-88936D8C2646}.Release|Any CPU.Build.0 = Release|Any CPU
	EndGlobalSection
	GlobalSection(SolutionProperties) = preSolution
		HideSolutionNode = FALSE
	EndGlobalSection
	GlobalSection(ExtensibilityGlobals) = postSolution
		SolutionGuid = {E298E618-537F-4880-961D-D1C621760EA9}
	EndGlobalSection
EndGlobal
